
Microsoft Visual Studio Solution File, Format Version 12.00
# Visual Studio Version 17
VisualStudioVersion = 17.0.32014.148
MinimumVisualStudioVersion = 10.0.40219.1
Project("{9A19103F-16F7-4668-BE54-9A1E7A4F7556}") = "OpenXBL.NET", "OpenXBL.NET source\OpenXBL.NET.csproj", "{C05EDD22-4323-44DE-8AE0-D9004F949744}"
EndProject
Global
	GlobalSection(SolutionConfigurationPlatforms) = preSolution
		Debug|Any CPU = Debug|Any CPU
		Release|Any CPU = Release|Any CPU
	EndGlobalSection
	GlobalSection(ProjectConfigurationPlatforms) = postSolution
		{C05EDD22-4323-44DE-8AE0-D9004F949744}.Debug|Any CPU.ActiveCfg = Debug|Any CPU
		{C05EDD22-4323-44DE-8AE0-D9004F949744}.Debug|Any CPU.Build.0 = Debug|Any CPU
		{C05EDD22-4323-44DE-8AE0-D9004F949744}.Release|Any CPU.ActiveCfg = Release|Any CPU
		{C05EDD22-4323-44DE-8AE0-D9004F949744}.Release|Any CPU.Build.0 = Release|Any CPU
	EndGlobalSection
	GlobalSection(SolutionProperties) = preSolution
		HideSolutionNode = FALSE
	EndGlobalSection
	GlobalSection(ExtensibilityGlobals) = postSolution
		SolutionGuid = {B8290AA4-D990-49BB-84CE-DBFD6436AB36}
	EndGlobalSection
EndGlobal
